// !$*UTF8*$!
{
	archiveVersion = 1;
	classes = {
	};
	objectVersion = 52;
	objects = {

/* Begin PBXBuildFile section */
		B912457225284C26002B85C5 /* SearchResponse.swift in Sources */ = {isa = PBXBuildFile; fileRef = B912457125284C26002B85C5 /* SearchResponse.swift */; };
		B912457525287599002B85C5 /* FBSubTitleLabel.swift in Sources */ = {isa = PBXBuildFile; fileRef = B912457425287599002B85C5 /* FBSubTitleLabel.swift */; };
		B912457725287863002B85C5 /* DonationManager.swift in Sources */ = {isa = PBXBuildFile; fileRef = B912457625287863002B85C5 /* DonationManager.swift */; };
		B914C77B2536DFB600FAC66B /* TagView.swift in Sources */ = {isa = PBXBuildFile; fileRef = B914C77A2536DFB600FAC66B /* TagView.swift */; };
		B914C77E2536E69B00FAC66B /* TagLabel.swift in Sources */ = {isa = PBXBuildFile; fileRef = B914C77D2536E69B00FAC66B /* TagLabel.swift */; };
		B9273CD925270C6700FE7155 /* CharityInfoView.swift in Sources */ = {isa = PBXBuildFile; fileRef = B9273CD825270C6700FE7155 /* CharityInfoView.swift */; };
		B9273CDB25273EB000FE7155 /* FBTextField.swift in Sources */ = {isa = PBXBuildFile; fileRef = B9273CDA25273EB000FE7155 /* FBTextField.swift */; };
		B9273CDD252746F700FE7155 /* ImpactProject.swift in Sources */ = {isa = PBXBuildFile; fileRef = B9273CDC252746F700FE7155 /* ImpactProject.swift */; };
		B9273CDF2527470900FE7155 /* Charity.swift in Sources */ = {isa = PBXBuildFile; fileRef = B9273CDE2527470900FE7155 /* Charity.swift */; };
		B9273CE12527474000FE7155 /* FBLogoImageView.swift in Sources */ = {isa = PBXBuildFile; fileRef = B9273CE02527474000FE7155 /* FBLogoImageView.swift */; };
		B9273CE525274B1700FE7155 /* ImageCache.swift in Sources */ = {isa = PBXBuildFile; fileRef = B9273CE425274B1700FE7155 /* ImageCache.swift */; };
		B93BA92C25385C45006A08BE /* Categories.swift in Sources */ = {isa = PBXBuildFile; fileRef = B93BA92B25385C45006A08BE /* Categories.swift */; };
		B93BA93125387E43006A08BE /* ExploreCharityCell.swift in Sources */ = {isa = PBXBuildFile; fileRef = B93BA93025387E43006A08BE /* ExploreCharityCell.swift */; };
		B956D495252F114C00F6E0D6 /* DonationStatusBar.swift in Sources */ = {isa = PBXBuildFile; fileRef = B956D494252F114C00F6E0D6 /* DonationStatusBar.swift */; };
		B956D497252F313000F6E0D6 /* OutputView.swift in Sources */ = {isa = PBXBuildFile; fileRef = B956D496252F313000F6E0D6 /* OutputView.swift */; };
		B956D499252F31B900F6E0D6 /* CharityTitleLabelView.swift in Sources */ = {isa = PBXBuildFile; fileRef = B956D498252F31B900F6E0D6 /* CharityTitleLabelView.swift */; };
		B956D49B252F4A9A00F6E0D6 /* OutputOverViewContainerView.swift in Sources */ = {isa = PBXBuildFile; fileRef = B956D49A252F4A9A00F6E0D6 /* OutputOverViewContainerView.swift */; };
		B95B9E4E2529C34900DF6368 /* CharityInfoVC.swift in Sources */ = {isa = PBXBuildFile; fileRef = B95B9E4D2529C34900DF6368 /* CharityInfoVC.swift */; };
		B95B9E502529D62300DF6368 /* InfoResponse.swift in Sources */ = {isa = PBXBuildFile; fileRef = B95B9E4F2529D62300DF6368 /* InfoResponse.swift */; };
		B95B9E52252A0DFB00DF6368 /* InfoCharity.swift in Sources */ = {isa = PBXBuildFile; fileRef = B95B9E51252A0DFB00DF6368 /* InfoCharity.swift */; };
		B9664EA925247C9500637BDF /* AppDelegate.swift in Sources */ = {isa = PBXBuildFile; fileRef = B9664EA825247C9500637BDF /* AppDelegate.swift */; };
		B9664EAB25247C9500637BDF /* SceneDelegate.swift in Sources */ = {isa = PBXBuildFile; fileRef = B9664EAA25247C9500637BDF /* SceneDelegate.swift */; };
		B9664EB225247C9600637BDF /* Assets.xcassets in Resources */ = {isa = PBXBuildFile; fileRef = B9664EB125247C9600637BDF /* Assets.xcassets */; };
		B9664EB525247C9600637BDF /* LaunchScreen.storyboard in Resources */ = {isa = PBXBuildFile; fileRef = B9664EB325247C9600637BDF /* LaunchScreen.storyboard */; };
		B9664EBD2524826400637BDF /* FBTabBarController.swift in Sources */ = {isa = PBXBuildFile; fileRef = B9664EBC2524826400637BDF /* FBTabBarController.swift */; };
		B9664EBF2524834500637BDF /* SearchVC.swift in Sources */ = {isa = PBXBuildFile; fileRef = B9664EBE2524834500637BDF /* SearchVC.swift */; };
		B9664EC12524834E00637BDF /* FavouritesVC.swift in Sources */ = {isa = PBXBuildFile; fileRef = B9664EC02524834E00637BDF /* FavouritesVC.swift */; };
		B9664EC32524864900637BDF /* FBButton.swift in Sources */ = {isa = PBXBuildFile; fileRef = B9664EC22524864900637BDF /* FBButton.swift */; };
		B9664EC525248B1000637BDF /* CharityListVC.swift in Sources */ = {isa = PBXBuildFile; fileRef = B9664EC425248B1000637BDF /* CharityListVC.swift */; };
		B971B23325305A0500660923 /* String+Ext.swift in Sources */ = {isa = PBXBuildFile; fileRef = B971B23225305A0500660923 /* String+Ext.swift */; };
		B971B23625305F2C00660923 /* Currrency.swift in Sources */ = {isa = PBXBuildFile; fileRef = B971B23525305F2C00660923 /* Currrency.swift */; };
		B971B23925306C2600660923 /* PersistenceManager.swift in Sources */ = {isa = PBXBuildFile; fileRef = B971B23825306C2600660923 /* PersistenceManager.swift */; };
		B971B23C25308EFF00660923 /* FBLoadingView.swift in Sources */ = {isa = PBXBuildFile; fileRef = B971B23B25308EFF00660923 /* FBLoadingView.swift */; };
		B97AAFCE25319A3400FCBC28 /* Constants.swift in Sources */ = {isa = PBXBuildFile; fileRef = B97AAFCD25319A3400FCBC28 /* Constants.swift */; };
		B97AAFF82531BF4C00FCBC28 /* FBTextLabel.swift in Sources */ = {isa = PBXBuildFile; fileRef = B97AAFF72531BF4C00FCBC28 /* FBTextLabel.swift */; };
		B995A1B9252DEBF90037E0FB /* StatusBarViewOne.swift in Sources */ = {isa = PBXBuildFile; fileRef = B995A1B8252DEBF90037E0FB /* StatusBarViewOne.swift */; };
		B995A1BB252DF01B0037E0FB /* StatusBarViewTwo.swift in Sources */ = {isa = PBXBuildFile; fileRef = B995A1BA252DF01B0037E0FB /* StatusBarViewTwo.swift */; };
		B9A1C0F5252B1D48004E3AEE /* SnapKit in Frameworks */ = {isa = PBXBuildFile; productRef = B9A1C0F4252B1D48004E3AEE /* SnapKit */; };
		B9A1C0F7252B2A40004E3AEE /* FBImpactImageView.swift in Sources */ = {isa = PBXBuildFile; fileRef = B9A1C0F6252B2A40004E3AEE /* FBImpactImageView.swift */; };
		B9A1C0FA252B3E82004E3AEE /* UIView+Ext.swift in Sources */ = {isa = PBXBuildFile; fileRef = B9A1C0F9252B3E82004E3AEE /* UIView+Ext.swift */; };
		B9A1C0FC252B470C004E3AEE /* FBTitleLabel.swift in Sources */ = {isa = PBXBuildFile; fileRef = B9A1C0FB252B470C004E3AEE /* FBTitleLabel.swift */; };
		B9A1C0FF252B4CD5004E3AEE /* SwiftSVG in Frameworks */ = {isa = PBXBuildFile; productRef = B9A1C0FE252B4CD5004E3AEE /* SwiftSVG */; };
		B9A57BD7252C58920034ADE6 /* UIViewController+Ext.swift in Sources */ = {isa = PBXBuildFile; fileRef = B9A57BD6252C58920034ADE6 /* UIViewController+Ext.swift */; };
		B9EBADFD2536EEE60070705F /* NewSearchVC.swift in Sources */ = {isa = PBXBuildFile; fileRef = B9EBADFC2536EEE60070705F /* NewSearchVC.swift */; };
		B9EBAE012536F1250070705F /* HeaderView.swift in Sources */ = {isa = PBXBuildFile; fileRef = B9EBAE002536F1250070705F /* HeaderView.swift */; };
		B9EBAE04253708CC0070705F /* SearchCategoriesStackView.swift in Sources */ = {isa = PBXBuildFile; fileRef = B9EBAE03253708CC0070705F /* SearchCategoriesStackView.swift */; };
		B9EBAE08253713C10070705F /* CategoryButton.swift in Sources */ = {isa = PBXBuildFile; fileRef = B9EBAE07253713C10070705F /* CategoryButton.swift */; };
		B9F22749252EE05900A25EC5 /* FBTextView.swift in Sources */ = {isa = PBXBuildFile; fileRef = B9F22748252EE05900A25EC5 /* FBTextView.swift */; };
		B9F2274C252EE62200A25EC5 /* Colors+Ext.swift in Sources */ = {isa = PBXBuildFile; fileRef = B9F2274B252EE62200A25EC5 /* Colors+Ext.swift */; };
		B9FF36A62525B1090065AC17 /* CharityCell.swift in Sources */ = {isa = PBXBuildFile; fileRef = B9FF36A52525B1090065AC17 /* CharityCell.swift */; };
		B9FF36A92525B8D70065AC17 /* NetworkManager.swift in Sources */ = {isa = PBXBuildFile; fileRef = B9FF36A82525B8D70065AC17 /* NetworkManager.swift */; };
		B9FF36AD2525BE2E0065AC17 /* FBError.swift in Sources */ = {isa = PBXBuildFile; fileRef = B9FF36AC2525BE2E0065AC17 /* FBError.swift */; };
/* End PBXBuildFile section */

/* Begin PBXFileReference section */
		B912457125284C26002B85C5 /* SearchResponse.swift */ = {isa = PBXFileReference; lastKnownFileType = sourcecode.swift; path = SearchResponse.swift; sourceTree = "<group>"; };
		B912457425287599002B85C5 /* FBSubTitleLabel.swift */ = {isa = PBXFileReference; lastKnownFileType = sourcecode.swift; path = FBSubTitleLabel.swift; sourceTree = "<group>"; };
		B912457625287863002B85C5 /* DonationManager.swift */ = {isa = PBXFileReference; lastKnownFileType = sourcecode.swift; path = DonationManager.swift; sourceTree = "<group>"; };
		B914C77A2536DFB600FAC66B /* TagView.swift */ = {isa = PBXFileReference; lastKnownFileType = sourcecode.swift; path = TagView.swift; sourceTree = "<group>"; };
		B914C77D2536E69B00FAC66B /* TagLabel.swift */ = {isa = PBXFileReference; lastKnownFileType = sourcecode.swift; path = TagLabel.swift; sourceTree = "<group>"; };
		B9273CD825270C6700FE7155 /* CharityInfoView.swift */ = {isa = PBXFileReference; lastKnownFileType = sourcecode.swift; path = CharityInfoView.swift; sourceTree = "<group>"; };
		B9273CDA25273EB000FE7155 /* FBTextField.swift */ = {isa = PBXFileReference; lastKnownFileType = sourcecode.swift; path = FBTextField.swift; sourceTree = "<group>"; };
		B9273CDC252746F700FE7155 /* ImpactProject.swift */ = {isa = PBXFileReference; lastKnownFileType = sourcecode.swift; path = ImpactProject.swift; sourceTree = "<group>"; };
		B9273CDE2527470900FE7155 /* Charity.swift */ = {isa = PBXFileReference; lastKnownFileType = sourcecode.swift; path = Charity.swift; sourceTree = "<group>"; };
		B9273CE02527474000FE7155 /* FBLogoImageView.swift */ = {isa = PBXFileReference; lastKnownFileType = sourcecode.swift; path = FBLogoImageView.swift; sourceTree = "<group>"; };
		B9273CE425274B1700FE7155 /* ImageCache.swift */ = {isa = PBXFileReference; lastKnownFileType = sourcecode.swift; path = ImageCache.swift; sourceTree = "<group>"; };
		B93BA92B25385C45006A08BE /* Categories.swift */ = {isa = PBXFileReference; lastKnownFileType = sourcecode.swift; path = Categories.swift; sourceTree = "<group>"; };
		B93BA93025387E43006A08BE /* ExploreCharityCell.swift */ = {isa = PBXFileReference; lastKnownFileType = sourcecode.swift; path = ExploreCharityCell.swift; sourceTree = "<group>"; };
		B956D494252F114C00F6E0D6 /* DonationStatusBar.swift */ = {isa = PBXFileReference; lastKnownFileType = sourcecode.swift; path = DonationStatusBar.swift; sourceTree = "<group>"; };
		B956D496252F313000F6E0D6 /* OutputView.swift */ = {isa = PBXFileReference; lastKnownFileType = sourcecode.swift; path = OutputView.swift; sourceTree = "<group>"; };
		B956D498252F31B900F6E0D6 /* CharityTitleLabelView.swift */ = {isa = PBXFileReference; lastKnownFileType = sourcecode.swift; path = CharityTitleLabelView.swift; sourceTree = "<group>"; };
		B956D49A252F4A9A00F6E0D6 /* OutputOverViewContainerView.swift */ = {isa = PBXFileReference; lastKnownFileType = sourcecode.swift; path = OutputOverViewContainerView.swift; sourceTree = "<group>"; };
		B95B9E4D2529C34900DF6368 /* CharityInfoVC.swift */ = {isa = PBXFileReference; lastKnownFileType = sourcecode.swift; path = CharityInfoVC.swift; sourceTree = "<group>"; };
		B95B9E4F2529D62300DF6368 /* InfoResponse.swift */ = {isa = PBXFileReference; lastKnownFileType = sourcecode.swift; path = InfoResponse.swift; sourceTree = "<group>"; };
		B95B9E51252A0DFB00DF6368 /* InfoCharity.swift */ = {isa = PBXFileReference; lastKnownFileType = sourcecode.swift; path = InfoCharity.swift; sourceTree = "<group>"; };
		B9664EA525247C9500637BDF /* FeedBack2.app */ = {isa = PBXFileReference; explicitFileType = wrapper.application; includeInIndex = 0; path = FeedBack2.app; sourceTree = BUILT_PRODUCTS_DIR; };
		B9664EA825247C9500637BDF /* AppDelegate.swift */ = {isa = PBXFileReference; lastKnownFileType = sourcecode.swift; path = AppDelegate.swift; sourceTree = "<group>"; };
		B9664EAA25247C9500637BDF /* SceneDelegate.swift */ = {isa = PBXFileReference; lastKnownFileType = sourcecode.swift; path = SceneDelegate.swift; sourceTree = "<group>"; };
		B9664EB125247C9600637BDF /* Assets.xcassets */ = {isa = PBXFileReference; lastKnownFileType = folder.assetcatalog; path = Assets.xcassets; sourceTree = "<group>"; };
		B9664EB425247C9600637BDF /* Base */ = {isa = PBXFileReference; lastKnownFileType = file.storyboard; name = Base; path = Base.lproj/LaunchScreen.storyboard; sourceTree = "<group>"; };
		B9664EB625247C9600637BDF /* Info.plist */ = {isa = PBXFileReference; lastKnownFileType = text.plist.xml; path = Info.plist; sourceTree = "<group>"; };
		B9664EBC2524826400637BDF /* FBTabBarController.swift */ = {isa = PBXFileReference; lastKnownFileType = sourcecode.swift; path = FBTabBarController.swift; sourceTree = "<group>"; };
		B9664EBE2524834500637BDF /* SearchVC.swift */ = {isa = PBXFileReference; lastKnownFileType = sourcecode.swift; path = SearchVC.swift; sourceTree = "<group>"; };
		B9664EC02524834E00637BDF /* FavouritesVC.swift */ = {isa = PBXFileReference; lastKnownFileType = sourcecode.swift; path = FavouritesVC.swift; sourceTree = "<group>"; };
		B9664EC22524864900637BDF /* FBButton.swift */ = {isa = PBXFileReference; lastKnownFileType = sourcecode.swift; path = FBButton.swift; sourceTree = "<group>"; };
		B9664EC425248B1000637BDF /* CharityListVC.swift */ = {isa = PBXFileReference; lastKnownFileType = sourcecode.swift; path = CharityListVC.swift; sourceTree = "<group>"; };
		B971B23225305A0500660923 /* String+Ext.swift */ = {isa = PBXFileReference; lastKnownFileType = sourcecode.swift; path = "String+Ext.swift"; sourceTree = "<group>"; };
		B971B23525305F2C00660923 /* Currrency.swift */ = {isa = PBXFileReference; lastKnownFileType = sourcecode.swift; path = Currrency.swift; sourceTree = "<group>"; };
		B971B23825306C2600660923 /* PersistenceManager.swift */ = {isa = PBXFileReference; lastKnownFileType = sourcecode.swift; path = PersistenceManager.swift; sourceTree = "<group>"; };
		B971B23B25308EFF00660923 /* FBLoadingView.swift */ = {isa = PBXFileReference; lastKnownFileType = sourcecode.swift; path = FBLoadingView.swift; sourceTree = "<group>"; };
		B97AAFCD25319A3400FCBC28 /* Constants.swift */ = {isa = PBXFileReference; lastKnownFileType = sourcecode.swift; path = Constants.swift; sourceTree = "<group>"; };
		B97AAFF72531BF4C00FCBC28 /* FBTextLabel.swift */ = {isa = PBXFileReference; lastKnownFileType = sourcecode.swift; path = FBTextLabel.swift; sourceTree = "<group>"; };
		B995A1B8252DEBF90037E0FB /* StatusBarViewOne.swift */ = {isa = PBXFileReference; lastKnownFileType = sourcecode.swift; path = StatusBarViewOne.swift; sourceTree = "<group>"; };
		B995A1BA252DF01B0037E0FB /* StatusBarViewTwo.swift */ = {isa = PBXFileReference; lastKnownFileType = sourcecode.swift; path = StatusBarViewTwo.swift; sourceTree = "<group>"; };
		B9A1C0F6252B2A40004E3AEE /* FBImpactImageView.swift */ = {isa = PBXFileReference; lastKnownFileType = sourcecode.swift; path = FBImpactImageView.swift; sourceTree = "<group>"; };
		B9A1C0F9252B3E82004E3AEE /* UIView+Ext.swift */ = {isa = PBXFileReference; lastKnownFileType = sourcecode.swift; path = "UIView+Ext.swift"; sourceTree = "<group>"; };
		B9A1C0FB252B470C004E3AEE /* FBTitleLabel.swift */ = {isa = PBXFileReference; lastKnownFileType = sourcecode.swift; path = FBTitleLabel.swift; sourceTree = "<group>"; };
		B9A57BD6252C58920034ADE6 /* UIViewController+Ext.swift */ = {isa = PBXFileReference; lastKnownFileType = sourcecode.swift; path = "UIViewController+Ext.swift"; sourceTree = "<group>"; };
		B9EBADFC2536EEE60070705F /* NewSearchVC.swift */ = {isa = PBXFileReference; lastKnownFileType = sourcecode.swift; path = NewSearchVC.swift; sourceTree = "<group>"; };
		B9EBAE002536F1250070705F /* HeaderView.swift */ = {isa = PBXFileReference; lastKnownFileType = sourcecode.swift; path = HeaderView.swift; sourceTree = "<group>"; };
		B9EBAE03253708CC0070705F /* SearchCategoriesStackView.swift */ = {isa = PBXFileReference; lastKnownFileType = sourcecode.swift; path = SearchCategoriesStackView.swift; sourceTree = "<group>"; };
		B9EBAE07253713C10070705F /* CategoryButton.swift */ = {isa = PBXFileReference; lastKnownFileType = sourcecode.swift; path = CategoryButton.swift; sourceTree = "<group>"; };
		B9F22748252EE05900A25EC5 /* FBTextView.swift */ = {isa = PBXFileReference; lastKnownFileType = sourcecode.swift; path = FBTextView.swift; sourceTree = "<group>"; };
		B9F2274B252EE62200A25EC5 /* Colors+Ext.swift */ = {isa = PBXFileReference; lastKnownFileType = sourcecode.swift; path = "Colors+Ext.swift"; sourceTree = "<group>"; };
		B9FF36A52525B1090065AC17 /* CharityCell.swift */ = {isa = PBXFileReference; lastKnownFileType = sourcecode.swift; path = CharityCell.swift; sourceTree = "<group>"; };
		B9FF36A82525B8D70065AC17 /* NetworkManager.swift */ = {isa = PBXFileReference; lastKnownFileType = sourcecode.swift; path = NetworkManager.swift; sourceTree = "<group>"; };
		B9FF36AC2525BE2E0065AC17 /* FBError.swift */ = {isa = PBXFileReference; lastKnownFileType = sourcecode.swift; path = FBError.swift; sourceTree = "<group>"; };
/* End PBXFileReference section */

/* Begin PBXFrameworksBuildPhase section */
		B9664EA225247C9500637BDF /* Frameworks */ = {
			isa = PBXFrameworksBuildPhase;
			buildActionMask = 2147483647;
			files = (
				B9A1C0F5252B1D48004E3AEE /* SnapKit in Frameworks */,
				B9A1C0FF252B4CD5004E3AEE /* SwiftSVG in Frameworks */,
			);
			runOnlyForDeploymentPostprocessing = 0;
		};
/* End PBXFrameworksBuildPhase section */

/* Begin PBXGroup section */
		B912457325287588002B85C5 /* Labels */ = {
			isa = PBXGroup;
			children = (
				B914C77D2536E69B00FAC66B /* TagLabel.swift */,
				B912457425287599002B85C5 /* FBSubTitleLabel.swift */,
				B9A1C0FB252B470C004E3AEE /* FBTitleLabel.swift */,
				B9F22748252EE05900A25EC5 /* FBTextView.swift */,
				B97AAFF72531BF4C00FCBC28 /* FBTextLabel.swift */,
				B9EBAE07253713C10070705F /* CategoryButton.swift */,
			);
			path = Labels;
			sourceTree = "<group>";
		};
		B9273CD725270C5800FE7155 /* Views */ = {
			isa = PBXGroup;
			children = (
				B9EBADFF2536F1190070705F /* SearchVC */,
				B9C12F41253467AF0023CD11 /* Buttons */,
				B9273CD825270C6700FE7155 /* CharityInfoView.swift */,
				B9273CDA25273EB000FE7155 /* FBTextField.swift */,
				B9273CE02527474000FE7155 /* FBLogoImageView.swift */,
				B9A1C0F6252B2A40004E3AEE /* FBImpactImageView.swift */,
				B995A1B8252DEBF90037E0FB /* StatusBarViewOne.swift */,
				B995A1BA252DF01B0037E0FB /* StatusBarViewTwo.swift */,
				B956D494252F114C00F6E0D6 /* DonationStatusBar.swift */,
				B956D496252F313000F6E0D6 /* OutputView.swift */,
				B956D498252F31B900F6E0D6 /* CharityTitleLabelView.swift */,
				B956D49A252F4A9A00F6E0D6 /* OutputOverViewContainerView.swift */,
				B971B23B25308EFF00660923 /* FBLoadingView.swift */,
				B914C77A2536DFB600FAC66B /* TagView.swift */,
			);
			path = Views;
			sourceTree = "<group>";
		};
		B9664E9C25247C9500637BDF = {
			isa = PBXGroup;
			children = (
				B9664EA725247C9500637BDF /* FeedBack2 */,
				B9664EA625247C9500637BDF /* Products */,
			);
			sourceTree = "<group>";
		};
		B9664EA625247C9500637BDF /* Products */ = {
			isa = PBXGroup;
			children = (
				B9664EA525247C9500637BDF /* FeedBack2.app */,
			);
			name = Products;
			sourceTree = "<group>";
		};
		B9664EA725247C9500637BDF /* FeedBack2 */ = {
			isa = PBXGroup;
			children = (
				B9FF36AB2525BE200065AC17 /* Utilities */,
				B9A1C0F8252B3E71004E3AEE /* Extensions */,
				B912457325287588002B85C5 /* Labels */,
				B9273CD725270C5800FE7155 /* Views */,
				B9FF36A72525B8CC0065AC17 /* Managers */,
				B9FF36A42525B1010065AC17 /* Cells */,
				B9FF36A12525B0250065AC17 /* Model */,
				B9664EC725248BF400637BDF /* Support */,
				B9664EC625248BCD00637BDF /* Screens */,
				B9664EB625247C9600637BDF /* Info.plist */,
				B9664EBC2524826400637BDF /* FBTabBarController.swift */,
			);
			path = FeedBack2;
			sourceTree = "<group>";
		};
		B9664EC625248BCD00637BDF /* Screens */ = {
			isa = PBXGroup;
			children = (
				B9664EBE2524834500637BDF /* SearchVC.swift */,
				B9664EC02524834E00637BDF /* FavouritesVC.swift */,
				B9664EC425248B1000637BDF /* CharityListVC.swift */,
				B95B9E4D2529C34900DF6368 /* CharityInfoVC.swift */,
				B9EBADFC2536EEE60070705F /* NewSearchVC.swift */,
			);
			path = Screens;
			sourceTree = "<group>";
		};
		B9664EC725248BF400637BDF /* Support */ = {
			isa = PBXGroup;
			children = (
				B9664EA825247C9500637BDF /* AppDelegate.swift */,
				B9664EAA25247C9500637BDF /* SceneDelegate.swift */,
				B9664EB125247C9600637BDF /* Assets.xcassets */,
				B9664EB325247C9600637BDF /* LaunchScreen.storyboard */,
			);
			path = Support;
			sourceTree = "<group>";
		};
		B9A1C0F8252B3E71004E3AEE /* Extensions */ = {
			isa = PBXGroup;
			children = (
				B9A1C0F9252B3E82004E3AEE /* UIView+Ext.swift */,
				B9F2274B252EE62200A25EC5 /* Colors+Ext.swift */,
				B9A57BD6252C58920034ADE6 /* UIViewController+Ext.swift */,
				B971B23225305A0500660923 /* String+Ext.swift */,
			);
			path = Extensions;
			sourceTree = "<group>";
		};
		B9C12F41253467AF0023CD11 /* Buttons */ = {
			isa = PBXGroup;
			children = (
				B9664EC22524864900637BDF /* FBButton.swift */,
			);
			path = Buttons;
			sourceTree = "<group>";
		};
		B9EBADFF2536F1190070705F /* SearchVC */ = {
			isa = PBXGroup;
			children = (
				B9EBAE002536F1250070705F /* HeaderView.swift */,
				B9EBAE03253708CC0070705F /* SearchCategoriesStackView.swift */,
			);
			path = SearchVC;
			sourceTree = "<group>";
		};
		B9FF36A12525B0250065AC17 /* Model */ = {
			isa = PBXGroup;
			children = (
				B9273CDC252746F700FE7155 /* ImpactProject.swift */,
				B9273CDE2527470900FE7155 /* Charity.swift */,
				B912457125284C26002B85C5 /* SearchResponse.swift */,
				B95B9E4F2529D62300DF6368 /* InfoResponse.swift */,
				B95B9E51252A0DFB00DF6368 /* InfoCharity.swift */,
				B93BA92B25385C45006A08BE /* Categories.swift */,
			);
			path = Model;
			sourceTree = "<group>";
		};
		B9FF36A42525B1010065AC17 /* Cells */ = {
			isa = PBXGroup;
			children = (
				B9FF36A52525B1090065AC17 /* CharityCell.swift */,
				B93BA93025387E43006A08BE /* ExploreCharityCell.swift */,
			);
			path = Cells;
			sourceTree = "<group>";
		};
		B9FF36A72525B8CC0065AC17 /* Managers */ = {
			isa = PBXGroup;
			children = (
				B9FF36A82525B8D70065AC17 /* NetworkManager.swift */,
				B912457625287863002B85C5 /* DonationManager.swift */,
				B971B23825306C2600660923 /* PersistenceManager.swift */,
			);
			path = Managers;
			sourceTree = "<group>";
		};
		B9FF36AB2525BE200065AC17 /* Utilities */ = {
			isa = PBXGroup;
			children = (
				B9FF36AC2525BE2E0065AC17 /* FBError.swift */,
				B9273CE425274B1700FE7155 /* ImageCache.swift */,
				B971B23525305F2C00660923 /* Currrency.swift */,
				B97AAFCD25319A3400FCBC28 /* Constants.swift */,
			);
			path = Utilities;
			sourceTree = "<group>";
		};
/* End PBXGroup section */

/* Begin PBXNativeTarget section */
		B9664EA425247C9500637BDF /* FeedBack2 */ = {
			isa = PBXNativeTarget;
			buildConfigurationList = B9664EB925247C9600637BDF /* Build configuration list for PBXNativeTarget "FeedBack2" */;
			buildPhases = (
				B9664EA125247C9500637BDF /* Sources */,
				B9664EA225247C9500637BDF /* Frameworks */,
				B9664EA325247C9500637BDF /* Resources */,
			);
			buildRules = (
			);
			dependencies = (
			);
			name = FeedBack2;
			packageProductDependencies = (
				B9A1C0F4252B1D48004E3AEE /* SnapKit */,
				B9A1C0FE252B4CD5004E3AEE /* SwiftSVG */,
			);
			productName = FeedBack2;
			productReference = B9664EA525247C9500637BDF /* FeedBack2.app */;
			productType = "com.apple.product-type.application";
		};
/* End PBXNativeTarget section */

/* Begin PBXProject section */
		B9664E9D25247C9500637BDF /* Project object */ = {
			isa = PBXProject;
			attributes = {
				LastSwiftUpdateCheck = 1170;
				LastUpgradeCheck = 1170;
				ORGANIZATIONNAME = "Julian Gierl";
				TargetAttributes = {
					B9664EA425247C9500637BDF = {
						CreatedOnToolsVersion = 11.7;
					};
				};
			};
			buildConfigurationList = B9664EA025247C9500637BDF /* Build configuration list for PBXProject "FeedBack2" */;
			compatibilityVersion = "Xcode 9.3";
			developmentRegion = en;
			hasScannedForEncodings = 0;
			knownRegions = (
				en,
				Base,
			);
			mainGroup = B9664E9C25247C9500637BDF;
			packageReferences = (
				B9A1C0F3252B1D48004E3AEE /* XCRemoteSwiftPackageReference "SnapKit" */,
				B9A1C0FD252B4CD5004E3AEE /* XCRemoteSwiftPackageReference "SwiftSVG" */,
			);
			productRefGroup = B9664EA625247C9500637BDF /* Products */;
			projectDirPath = "";
			projectRoot = "";
			targets = (
				B9664EA425247C9500637BDF /* FeedBack2 */,
			);
		};
/* End PBXProject section */

/* Begin PBXResourcesBuildPhase section */
		B9664EA325247C9500637BDF /* Resources */ = {
			isa = PBXResourcesBuildPhase;
			buildActionMask = 2147483647;
			files = (
				B9664EB525247C9600637BDF /* LaunchScreen.storyboard in Resources */,
				B9664EB225247C9600637BDF /* Assets.xcassets in Resources */,
			);
			runOnlyForDeploymentPostprocessing = 0;
		};
/* End PBXResourcesBuildPhase section */

/* Begin PBXSourcesBuildPhase section */
		B9664EA125247C9500637BDF /* Sources */ = {
			isa = PBXSourcesBuildPhase;
			buildActionMask = 2147483647;
			files = (
				B95B9E52252A0DFB00DF6368 /* InfoCharity.swift in Sources */,
				B9664EBF2524834500637BDF /* SearchVC.swift in Sources */,
				B9EBADFD2536EEE60070705F /* NewSearchVC.swift in Sources */,
				B912457525287599002B85C5 /* FBSubTitleLabel.swift in Sources */,
				B995A1BB252DF01B0037E0FB /* StatusBarViewTwo.swift in Sources */,
				B9664EC12524834E00637BDF /* FavouritesVC.swift in Sources */,
				B93BA93125387E43006A08BE /* ExploreCharityCell.swift in Sources */,
				B956D49B252F4A9A00F6E0D6 /* OutputOverViewContainerView.swift in Sources */,
				B9EBAE012536F1250070705F /* HeaderView.swift in Sources */,
				B9F2274C252EE62200A25EC5 /* Colors+Ext.swift in Sources */,
				B9273CE525274B1700FE7155 /* ImageCache.swift in Sources */,
				B956D497252F313000F6E0D6 /* OutputView.swift in Sources */,
				B9FF36A92525B8D70065AC17 /* NetworkManager.swift in Sources */,
				B9A1C0FA252B3E82004E3AEE /* UIView+Ext.swift in Sources */,
				B9FF36A62525B1090065AC17 /* CharityCell.swift in Sources */,
				B9664EA925247C9500637BDF /* AppDelegate.swift in Sources */,
				B9664EAB25247C9500637BDF /* SceneDelegate.swift in Sources */,
				B9A1C0FC252B470C004E3AEE /* FBTitleLabel.swift in Sources */,
				B97AAFCE25319A3400FCBC28 /* Constants.swift in Sources */,
				B912457725287863002B85C5 /* DonationManager.swift in Sources */,
				B9F22749252EE05900A25EC5 /* FBTextView.swift in Sources */,
				B9273CE12527474000FE7155 /* FBLogoImageView.swift in Sources */,
				B9EBAE04253708CC0070705F /* SearchCategoriesStackView.swift in Sources */,
				B971B23325305A0500660923 /* String+Ext.swift in Sources */,
				B9273CDF2527470900FE7155 /* Charity.swift in Sources */,
				B9A57BD7252C58920034ADE6 /* UIViewController+Ext.swift in Sources */,
				B95B9E4E2529C34900DF6368 /* CharityInfoVC.swift in Sources */,
				B9664EBD2524826400637BDF /* FBTabBarController.swift in Sources */,
				B956D499252F31B900F6E0D6 /* CharityTitleLabelView.swift in Sources */,
				B9A1C0F7252B2A40004E3AEE /* FBImpactImageView.swift in Sources */,
				B971B23625305F2C00660923 /* Currrency.swift in Sources */,
				B9273CDB25273EB000FE7155 /* FBTextField.swift in Sources */,
				B956D495252F114C00F6E0D6 /* DonationStatusBar.swift in Sources */,
				B97AAFF82531BF4C00FCBC28 /* FBTextLabel.swift in Sources */,
				B9664EC32524864900637BDF /* FBButton.swift in Sources */,
				B9664EC525248B1000637BDF /* CharityListVC.swift in Sources */,
				B93BA92C25385C45006A08BE /* Categories.swift in Sources */,
				B9273CDD252746F700FE7155 /* ImpactProject.swift in Sources */,
				B9FF36AD2525BE2E0065AC17 /* FBError.swift in Sources */,
				B914C77B2536DFB600FAC66B /* TagView.swift in Sources */,
				B912457225284C26002B85C5 /* SearchResponse.swift in Sources */,
				B9273CD925270C6700FE7155 /* CharityInfoView.swift in Sources */,
				B971B23925306C2600660923 /* PersistenceManager.swift in Sources */,
				B95B9E502529D62300DF6368 /* InfoResponse.swift in Sources */,
				B914C77E2536E69B00FAC66B /* TagLabel.swift in Sources */,
				B971B23C25308EFF00660923 /* FBLoadingView.swift in Sources */,
				B995A1B9252DEBF90037E0FB /* StatusBarViewOne.swift in Sources */,
				B9EBAE08253713C10070705F /* CategoryButton.swift in Sources */,
			);
			runOnlyForDeploymentPostprocessing = 0;
		};
/* End PBXSourcesBuildPhase section */

/* Begin PBXVariantGroup section */
		B9664EB325247C9600637BDF /* LaunchScreen.storyboard */ = {
			isa = PBXVariantGroup;
			children = (
				B9664EB425247C9600637BDF /* Base */,
			);
			name = LaunchScreen.storyboard;
			sourceTree = "<group>";
		};
/* End PBXVariantGroup section */

/* Begin XCBuildConfiguration section */
		B9664EB725247C9600637BDF /* Debug */ = {
			isa = XCBuildConfiguration;
			buildSettings = {
				ALWAYS_SEARCH_USER_PATHS = NO;
				CLANG_ANALYZER_NONNULL = YES;
				CLANG_ANALYZER_NUMBER_OBJECT_CONVERSION = YES_AGGRESSIVE;
				CLANG_CXX_LANGUAGE_STANDARD = "gnu++14";
				CLANG_CXX_LIBRARY = "libc++";
				CLANG_ENABLE_MODULES = YES;
				CLANG_ENABLE_OBJC_ARC = YES;
				CLANG_ENABLE_OBJC_WEAK = YES;
				CLANG_WARN_BLOCK_CAPTURE_AUTORELEASING = YES;
				CLANG_WARN_BOOL_CONVERSION = YES;
				CLANG_WARN_COMMA = YES;
				CLANG_WARN_CONSTANT_CONVERSION = YES;
				CLANG_WARN_DEPRECATED_OBJC_IMPLEMENTATIONS = YES;
				CLANG_WARN_DIRECT_OBJC_ISA_USAGE = YES_ERROR;
				CLANG_WARN_DOCUMENTATION_COMMENTS = YES;
				CLANG_WARN_EMPTY_BODY = YES;
				CLANG_WARN_ENUM_CONVERSION = YES;
				CLANG_WARN_INFINITE_RECURSION = YES;
				CLANG_WARN_INT_CONVERSION = YES;
				CLANG_WARN_NON_LITERAL_NULL_CONVERSION = YES;
				CLANG_WARN_OBJC_IMPLICIT_RETAIN_SELF = YES;
				CLANG_WARN_OBJC_LITERAL_CONVERSION = YES;
				CLANG_WARN_OBJC_ROOT_CLASS = YES_ERROR;
				CLANG_WARN_RANGE_LOOP_ANALYSIS = YES;
				CLANG_WARN_STRICT_PROTOTYPES = YES;
				CLANG_WARN_SUSPICIOUS_MOVE = YES;
				CLANG_WARN_UNGUARDED_AVAILABILITY = YES_AGGRESSIVE;
				CLANG_WARN_UNREACHABLE_CODE = YES;
				CLANG_WARN__DUPLICATE_METHOD_MATCH = YES;
				COPY_PHASE_STRIP = NO;
				DEBUG_INFORMATION_FORMAT = dwarf;
				ENABLE_STRICT_OBJC_MSGSEND = YES;
				ENABLE_TESTABILITY = YES;
				GCC_C_LANGUAGE_STANDARD = gnu11;
				GCC_DYNAMIC_NO_PIC = NO;
				GCC_NO_COMMON_BLOCKS = YES;
				GCC_OPTIMIZATION_LEVEL = 0;
				GCC_PREPROCESSOR_DEFINITIONS = (
					"DEBUG=1",
					"$(inherited)",
				);
				GCC_WARN_64_TO_32_BIT_CONVERSION = YES;
				GCC_WARN_ABOUT_RETURN_TYPE = YES_ERROR;
				GCC_WARN_UNDECLARED_SELECTOR = YES;
				GCC_WARN_UNINITIALIZED_AUTOS = YES_AGGRESSIVE;
				GCC_WARN_UNUSED_FUNCTION = YES;
				GCC_WARN_UNUSED_VARIABLE = YES;
				IPHONEOS_DEPLOYMENT_TARGET = 13.7;
				MTL_ENABLE_DEBUG_INFO = INCLUDE_SOURCE;
				MTL_FAST_MATH = YES;
				ONLY_ACTIVE_ARCH = YES;
				SDKROOT = iphoneos;
				SWIFT_ACTIVE_COMPILATION_CONDITIONS = DEBUG;
				SWIFT_OPTIMIZATION_LEVEL = "-Onone";
			};
			name = Debug;
		};
		B9664EB825247C9600637BDF /* Release */ = {
			isa = XCBuildConfiguration;
			buildSettings = {
				ALWAYS_SEARCH_USER_PATHS = NO;
				CLANG_ANALYZER_NONNULL = YES;
				CLANG_ANALYZER_NUMBER_OBJECT_CONVERSION = YES_AGGRESSIVE;
				CLANG_CXX_LANGUAGE_STANDARD = "gnu++14";
				CLANG_CXX_LIBRARY = "libc++";
				CLANG_ENABLE_MODULES = YES;
				CLANG_ENABLE_OBJC_ARC = YES;
				CLANG_ENABLE_OBJC_WEAK = YES;
				CLANG_WARN_BLOCK_CAPTURE_AUTORELEASING = YES;
				CLANG_WARN_BOOL_CONVERSION = YES;
				CLANG_WARN_COMMA = YES;
				CLANG_WARN_CONSTANT_CONVERSION = YES;
				CLANG_WARN_DEPRECATED_OBJC_IMPLEMENTATIONS = YES;
				CLANG_WARN_DIRECT_OBJC_ISA_USAGE = YES_ERROR;
				CLANG_WARN_DOCUMENTATION_COMMENTS = YES;
				CLANG_WARN_EMPTY_BODY = YES;
				CLANG_WARN_ENUM_CONVERSION = YES;
				CLANG_WARN_INFINITE_RECURSION = YES;
				CLANG_WARN_INT_CONVERSION = YES;
				CLANG_WARN_NON_LITERAL_NULL_CONVERSION = YES;
				CLANG_WARN_OBJC_IMPLICIT_RETAIN_SELF = YES;
				CLANG_WARN_OBJC_LITERAL_CONVERSION = YES;
				CLANG_WARN_OBJC_ROOT_CLASS = YES_ERROR;
				CLANG_WARN_RANGE_LOOP_ANALYSIS = YES;
				CLANG_WARN_STRICT_PROTOTYPES = YES;
				CLANG_WARN_SUSPICIOUS_MOVE = YES;
				CLANG_WARN_UNGUARDED_AVAILABILITY = YES_AGGRESSIVE;
				CLANG_WARN_UNREACHABLE_CODE = YES;
				CLANG_WARN__DUPLICATE_METHOD_MATCH = YES;
				COPY_PHASE_STRIP = NO;
				DEBUG_INFORMATION_FORMAT = "dwarf-with-dsym";
				ENABLE_NS_ASSERTIONS = NO;
				ENABLE_STRICT_OBJC_MSGSEND = YES;
				GCC_C_LANGUAGE_STANDARD = gnu11;
				GCC_NO_COMMON_BLOCKS = YES;
				GCC_WARN_64_TO_32_BIT_CONVERSION = YES;
				GCC_WARN_ABOUT_RETURN_TYPE = YES_ERROR;
				GCC_WARN_UNDECLARED_SELECTOR = YES;
				GCC_WARN_UNINITIALIZED_AUTOS = YES_AGGRESSIVE;
				GCC_WARN_UNUSED_FUNCTION = YES;
				GCC_WARN_UNUSED_VARIABLE = YES;
				IPHONEOS_DEPLOYMENT_TARGET = 13.7;
				MTL_ENABLE_DEBUG_INFO = NO;
				MTL_FAST_MATH = YES;
				SDKROOT = iphoneos;
				SWIFT_COMPILATION_MODE = wholemodule;
				SWIFT_OPTIMIZATION_LEVEL = "-O";
				VALIDATE_PRODUCT = YES;
			};
			name = Release;
		};
		B9664EBA25247C9600637BDF /* Debug */ = {
			isa = XCBuildConfiguration;
			buildSettings = {
				ASSETCATALOG_COMPILER_APPICON_NAME = AppIcon;
				CODE_SIGN_STYLE = Automatic;
				DEVELOPMENT_TEAM = U8GHKMUY53;
				INFOPLIST_FILE = FeedBack2/Info.plist;
				LD_RUNPATH_SEARCH_PATHS = (
					"$(inherited)",
					"@executable_path/Frameworks",
				);
				PRODUCT_BUNDLE_IDENTIFIER = com.gierljn.FeedBack2;
				PRODUCT_NAME = "$(TARGET_NAME)";
				SWIFT_VERSION = 5.0;
				TARGETED_DEVICE_FAMILY = "1,2";
			};
			name = Debug;
		};
		B9664EBB25247C9600637BDF /* Release */ = {
			isa = XCBuildConfiguration;
			buildSettings = {
				ASSETCATALOG_COMPILER_APPICON_NAME = AppIcon;
				CODE_SIGN_STYLE = Automatic;
				DEVELOPMENT_TEAM = U8GHKMUY53;
				INFOPLIST_FILE = FeedBack2/Info.plist;
				LD_RUNPATH_SEARCH_PATHS = (
					"$(inherited)",
					"@executable_path/Frameworks",
				);
				PRODUCT_BUNDLE_IDENTIFIER = com.gierljn.FeedBack2;
				PRODUCT_NAME = "$(TARGET_NAME)";
				SWIFT_VERSION = 5.0;
				TARGETED_DEVICE_FAMILY = "1,2";
			};
			name = Release;
		};
/* End XCBuildConfiguration section */

/* Begin XCConfigurationList section */
		B9664EA025247C9500637BDF /* Build configuration list for PBXProject "FeedBack2" */ = {
			isa = XCConfigurationList;
			buildConfigurations = (
				B9664EB725247C9600637BDF /* Debug */,
				B9664EB825247C9600637BDF /* Release */,
			);
			defaultConfigurationIsVisible = 0;
			defaultConfigurationName = Release;
		};
		B9664EB925247C9600637BDF /* Build configuration list for PBXNativeTarget "FeedBack2" */ = {
			isa = XCConfigurationList;
			buildConfigurations = (
				B9664EBA25247C9600637BDF /* Debug */,
				B9664EBB25247C9600637BDF /* Release */,
			);
			defaultConfigurationIsVisible = 0;
			defaultConfigurationName = Release;
		};
/* End XCConfigurationList section */

/* Begin XCRemoteSwiftPackageReference section */
		B9A1C0F3252B1D48004E3AEE /* XCRemoteSwiftPackageReference "SnapKit" */ = {
			isa = XCRemoteSwiftPackageReference;
			repositoryURL = "https://github.com/SnapKit/SnapKit";
			requirement = {
				kind = upToNextMajorVersion;
				minimumVersion = 5.0.1;
			};
		};
		B9A1C0FD252B4CD5004E3AEE /* XCRemoteSwiftPackageReference "SwiftSVG" */ = {
			isa = XCRemoteSwiftPackageReference;
			repositoryURL = "https://github.com/mchoe/SwiftSVG";
			requirement = {
				kind = upToNextMajorVersion;
				minimumVersion = 2.3.2;
			};
		};
/* End XCRemoteSwiftPackageReference section */

/* Begin XCSwiftPackageProductDependency section */
		B9A1C0F4252B1D48004E3AEE /* SnapKit */ = {
			isa = XCSwiftPackageProductDependency;
			package = B9A1C0F3252B1D48004E3AEE /* XCRemoteSwiftPackageReference "SnapKit" */;
			productName = SnapKit;
		};
		B9A1C0FE252B4CD5004E3AEE /* SwiftSVG */ = {
			isa = XCSwiftPackageProductDependency;
			package = B9A1C0FD252B4CD5004E3AEE /* XCRemoteSwiftPackageReference "SwiftSVG" */;
			productName = SwiftSVG;
		};
/* End XCSwiftPackageProductDependency section */
	};
	rootObject = B9664E9D25247C9500637BDF /* Project object */;
}
